
Microsoft Visual Studio Solution File, Format Version 12.00
Project("{FAE04EC0-301F-11D3-BF4B-00C04F79EFBC}") = "YARG.Core", "YARG.Core\YARG.Core.csproj", "{D8347DE4-23D2-4500-95A3-E52FED199978}"
EndProject
Project("{FAE04EC0-301F-11D3-BF4B-00C04F79EFBC}") = "TestConsole", "TestConsole\TestConsole.csproj", "{13C92681-32B3-4BD7-B76D-B09903AD82FC}"
EndProject
Global
	GlobalSection(SolutionConfigurationPlatforms) = preSolution
		Debug|Any CPU = Debug|Any CPU
		Release|Any CPU = Release|Any CPU
	EndGlobalSection
	GlobalSection(ProjectConfigurationPlatforms) = postSolution
		{D8347DE4-23D2-4500-95A3-E52FED199978}.Debug|Any CPU.ActiveCfg = Debug|Any CPU
		{D8347DE4-23D2-4500-95A3-E52FED199978}.Debug|Any CPU.Build.0 = Debug|Any CPU
		{D8347DE4-23D2-4500-95A3-E52FED199978}.Release|Any CPU.ActiveCfg = Release|Any CPU
		{D8347DE4-23D2-4500-95A3-E52FED199978}.Release|Any CPU.Build.0 = Release|Any CPU
		{13C92681-32B3-4BD7-B76D-B09903AD82FC}.Debug|Any CPU.ActiveCfg = Debug|Any CPU
		{13C92681-32B3-4BD7-B76D-B09903AD82FC}.Debug|Any CPU.Build.0 = Debug|Any CPU
		{13C92681-32B3-4BD7-B76D-B09903AD82FC}.Release|Any CPU.ActiveCfg = Release|Any CPU
		{13C92681-32B3-4BD7-B76D-B09903AD82FC}.Release|Any CPU.Build.0 = Release|Any CPU
	EndGlobalSection
EndGlobal
