Microsoft Visual Studio Solution File, Format Version 12.00
# Visual Studio Version 17
VisualStudioVersion = 17.5.2.0
MinimumVisualStudioVersion = 10.0.40219.1
Project("{FAE04EC0-301F-11D3-BF4B-00C04F79EFBC}") = "YARG.Core", "YARG.Core\YARG.Core.csproj", "{C212DA6E-E45C-37BE-2F7E-0A9B74853E4C}"
EndProject
Global
	GlobalSection(SolutionConfigurationPlatforms) = preSolution
		Debug|Any CPU = Debug|Any CPU
		Release|Any CPU = Release|Any CPU
	EndGlobalSection
	GlobalSection(ProjectConfigurationPlatforms) = postSolution
		{C212DA6E-E45C-37BE-2F7E-0A9B74853E4C}.Debug|Any CPU.ActiveCfg = Debug|Any CPU
		{C212DA6E-E45C-37BE-2F7E-0A9B74853E4C}.Debug|Any CPU.Build.0 = Debug|Any CPU
		{C212DA6E-E45C-37BE-2F7E-0A9B74853E4C}.Release|Any CPU.ActiveCfg = Release|Any CPU
		{C212DA6E-E45C-37BE-2F7E-0A9B74853E4C}.Release|Any CPU.Build.0 = Release|Any CPU
	EndGlobalSection
	GlobalSection(SolutionProperties) = preSolution
		HideSolutionNode = FALSE
	EndGlobalSection
	GlobalSection(ExtensibilityGlobals) = postSolution
		SolutionGuid = {08DEEA54-3225-4AE9-9C61-33C033486C79}
	EndGlobalSection
EndGlobal
