
Microsoft Visual Studio Solution File, Format Version 12.00
# Visual Studio Version 17
VisualStudioVersion = 17.8.34525.116
MinimumVisualStudioVersion = 10.0.40219.1
Project("{9A19103F-16F7-4668-BE54-9A1E7A4F7556}") = "YARG.Core", "YARG.Core\YARG.Core.csproj", "{D8347DE4-23D2-4500-95A3-E52FED199978}"
	ProjectSection(ProjectDependencies) = postProject
		{1AA6EB9E-5E8F-4252-A05B-A91662DA29E0} = {1AA6EB9E-5E8F-4252-A05B-A91662DA29E0}
	EndProjectSection
EndProject
Project("{9A19103F-16F7-4668-BE54-9A1E7A4F7556}") = "TestConsole", "TestConsole\TestConsole.csproj", "{13C92681-32B3-4BD7-B76D-B09903AD82FC}"
EndProject
Project("{9A19103F-16F7-4668-BE54-9A1E7A4F7556}") = "YARG.Core.UnitTests", "YARG.Core.UnitTests\YARG.Core.UnitTests.csproj", "{CEB65528-9BCC-4E6D-BC93-24104FF9EB25}"
EndProject
Project("{9A19103F-16F7-4668-BE54-9A1E7A4F7556}") = "ReplayAnalyzer", "ReplayAnalyzer\ReplayAnalyzer.csproj", "{40F9BEDC-2124-4CCF-9CF8-74C43170A4C5}"
EndProject
Project("{9A19103F-16F7-4668-BE54-9A1E7A4F7556}") = "YARG.Core.Benchmarks", "YARG.Core.Benchmarks\YARG.Core.Benchmarks.csproj", "{D26697B2-1739-4327-9B34-1501FE0E619F}"
EndProject
Project("{8BC9CEB8-8B4A-11D0-8D11-00A0C91BC942}") = "STB2CSharp", "STB2CSharp\STB2CSharp.vcxproj", "{1AA6EB9E-5E8F-4252-A05B-A91662DA29E0}"
EndProject
Project("{8BC9CEB8-8B4A-11D0-8D11-00A0C91BC942}") = "STB2SCSharpLinux", "STB2SCSharpLinux\STB2SCSharpLinux.vcxproj", "{E3D04048-EC79-4DDE-8945-A1A94002772E}"
EndProject
Global
	GlobalSection(SolutionConfigurationPlatforms) = preSolution
		Debug|Any CPU = Debug|Any CPU
		Debug|ARM = Debug|ARM
		Debug|ARM64 = Debug|ARM64
		Debug|x64 = Debug|x64
		Debug|x86 = Debug|x86
		Release|Any CPU = Release|Any CPU
		Release|ARM = Release|ARM
		Release|ARM64 = Release|ARM64
		Release|x64 = Release|x64
		Release|x86 = Release|x86
	EndGlobalSection
	GlobalSection(ProjectConfigurationPlatforms) = postSolution
		{D8347DE4-23D2-4500-95A3-E52FED199978}.Debug|Any CPU.ActiveCfg = Debug|Any CPU
		{D8347DE4-23D2-4500-95A3-E52FED199978}.Debug|Any CPU.Build.0 = Debug|Any CPU
		{D8347DE4-23D2-4500-95A3-E52FED199978}.Debug|ARM.ActiveCfg = Debug|Any CPU
		{D8347DE4-23D2-4500-95A3-E52FED199978}.Debug|ARM.Build.0 = Debug|Any CPU
		{D8347DE4-23D2-4500-95A3-E52FED199978}.Debug|ARM64.ActiveCfg = Debug|Any CPU
		{D8347DE4-23D2-4500-95A3-E52FED199978}.Debug|ARM64.Build.0 = Debug|Any CPU
		{D8347DE4-23D2-4500-95A3-E52FED199978}.Debug|x64.ActiveCfg = Debug|Any CPU
		{D8347DE4-23D2-4500-95A3-E52FED199978}.Debug|x64.Build.0 = Debug|Any CPU
		{D8347DE4-23D2-4500-95A3-E52FED199978}.Debug|x86.ActiveCfg = Debug|Any CPU
		{D8347DE4-23D2-4500-95A3-E52FED199978}.Debug|x86.Build.0 = Debug|Any CPU
		{D8347DE4-23D2-4500-95A3-E52FED199978}.Release|Any CPU.ActiveCfg = Release|Any CPU
		{D8347DE4-23D2-4500-95A3-E52FED199978}.Release|Any CPU.Build.0 = Release|Any CPU
		{D8347DE4-23D2-4500-95A3-E52FED199978}.Release|ARM.ActiveCfg = Release|Any CPU
		{D8347DE4-23D2-4500-95A3-E52FED199978}.Release|ARM.Build.0 = Release|Any CPU
		{D8347DE4-23D2-4500-95A3-E52FED199978}.Release|ARM64.ActiveCfg = Release|Any CPU
		{D8347DE4-23D2-4500-95A3-E52FED199978}.Release|ARM64.Build.0 = Release|Any CPU
		{D8347DE4-23D2-4500-95A3-E52FED199978}.Release|x64.ActiveCfg = Release|Any CPU
		{D8347DE4-23D2-4500-95A3-E52FED199978}.Release|x64.Build.0 = Release|Any CPU
		{D8347DE4-23D2-4500-95A3-E52FED199978}.Release|x86.ActiveCfg = Release|Any CPU
		{D8347DE4-23D2-4500-95A3-E52FED199978}.Release|x86.Build.0 = Release|Any CPU
		{13C92681-32B3-4BD7-B76D-B09903AD82FC}.Debug|Any CPU.ActiveCfg = Debug|Any CPU
		{13C92681-32B3-4BD7-B76D-B09903AD82FC}.Debug|Any CPU.Build.0 = Debug|Any CPU
		{13C92681-32B3-4BD7-B76D-B09903AD82FC}.Debug|ARM.ActiveCfg = Debug|Any CPU
		{13C92681-32B3-4BD7-B76D-B09903AD82FC}.Debug|ARM.Build.0 = Debug|Any CPU
		{13C92681-32B3-4BD7-B76D-B09903AD82FC}.Debug|ARM64.ActiveCfg = Debug|Any CPU
		{13C92681-32B3-4BD7-B76D-B09903AD82FC}.Debug|ARM64.Build.0 = Debug|Any CPU
		{13C92681-32B3-4BD7-B76D-B09903AD82FC}.Debug|x64.ActiveCfg = Debug|Any CPU
		{13C92681-32B3-4BD7-B76D-B09903AD82FC}.Debug|x64.Build.0 = Debug|Any CPU
		{13C92681-32B3-4BD7-B76D-B09903AD82FC}.Debug|x86.ActiveCfg = Debug|Any CPU
		{13C92681-32B3-4BD7-B76D-B09903AD82FC}.Debug|x86.Build.0 = Debug|Any CPU
		{13C92681-32B3-4BD7-B76D-B09903AD82FC}.Release|Any CPU.ActiveCfg = Release|Any CPU
		{13C92681-32B3-4BD7-B76D-B09903AD82FC}.Release|Any CPU.Build.0 = Release|Any CPU
		{13C92681-32B3-4BD7-B76D-B09903AD82FC}.Release|ARM.ActiveCfg = Release|Any CPU
		{13C92681-32B3-4BD7-B76D-B09903AD82FC}.Release|ARM.Build.0 = Release|Any CPU
		{13C92681-32B3-4BD7-B76D-B09903AD82FC}.Release|ARM64.ActiveCfg = Release|Any CPU
		{13C92681-32B3-4BD7-B76D-B09903AD82FC}.Release|ARM64.Build.0 = Release|Any CPU
		{13C92681-32B3-4BD7-B76D-B09903AD82FC}.Release|x64.ActiveCfg = Release|Any CPU
		{13C92681-32B3-4BD7-B76D-B09903AD82FC}.Release|x64.Build.0 = Release|Any CPU
		{13C92681-32B3-4BD7-B76D-B09903AD82FC}.Release|x86.ActiveCfg = Release|Any CPU
		{13C92681-32B3-4BD7-B76D-B09903AD82FC}.Release|x86.Build.0 = Release|Any CPU
		{CEB65528-9BCC-4E6D-BC93-24104FF9EB25}.Debug|Any CPU.ActiveCfg = Debug|Any CPU
		{CEB65528-9BCC-4E6D-BC93-24104FF9EB25}.Debug|Any CPU.Build.0 = Debug|Any CPU
		{CEB65528-9BCC-4E6D-BC93-24104FF9EB25}.Debug|ARM.ActiveCfg = Debug|Any CPU
		{CEB65528-9BCC-4E6D-BC93-24104FF9EB25}.Debug|ARM.Build.0 = Debug|Any CPU
		{CEB65528-9BCC-4E6D-BC93-24104FF9EB25}.Debug|ARM64.ActiveCfg = Debug|Any CPU
		{CEB65528-9BCC-4E6D-BC93-24104FF9EB25}.Debug|ARM64.Build.0 = Debug|Any CPU
		{CEB65528-9BCC-4E6D-BC93-24104FF9EB25}.Debug|x64.ActiveCfg = Debug|Any CPU
		{CEB65528-9BCC-4E6D-BC93-24104FF9EB25}.Debug|x64.Build.0 = Debug|Any CPU
		{CEB65528-9BCC-4E6D-BC93-24104FF9EB25}.Debug|x86.ActiveCfg = Debug|Any CPU
		{CEB65528-9BCC-4E6D-BC93-24104FF9EB25}.Debug|x86.Build.0 = Debug|Any CPU
		{CEB65528-9BCC-4E6D-BC93-24104FF9EB25}.Release|Any CPU.ActiveCfg = Release|Any CPU
		{CEB65528-9BCC-4E6D-BC93-24104FF9EB25}.Release|Any CPU.Build.0 = Release|Any CPU
		{CEB65528-9BCC-4E6D-BC93-24104FF9EB25}.Release|ARM.ActiveCfg = Release|Any CPU
		{CEB65528-9BCC-4E6D-BC93-24104FF9EB25}.Release|ARM.Build.0 = Release|Any CPU
		{CEB65528-9BCC-4E6D-BC93-24104FF9EB25}.Release|ARM64.ActiveCfg = Release|Any CPU
		{CEB65528-9BCC-4E6D-BC93-24104FF9EB25}.Release|ARM64.Build.0 = Release|Any CPU
		{CEB65528-9BCC-4E6D-BC93-24104FF9EB25}.Release|x64.ActiveCfg = Release|Any CPU
		{CEB65528-9BCC-4E6D-BC93-24104FF9EB25}.Release|x64.Build.0 = Release|Any CPU
		{CEB65528-9BCC-4E6D-BC93-24104FF9EB25}.Release|x86.ActiveCfg = Release|Any CPU
		{CEB65528-9BCC-4E6D-BC93-24104FF9EB25}.Release|x86.Build.0 = Release|Any CPU
		{40F9BEDC-2124-4CCF-9CF8-74C43170A4C5}.Debug|Any CPU.ActiveCfg = Debug|Any CPU
		{40F9BEDC-2124-4CCF-9CF8-74C43170A4C5}.Debug|Any CPU.Build.0 = Debug|Any CPU
		{40F9BEDC-2124-4CCF-9CF8-74C43170A4C5}.Debug|ARM.ActiveCfg = Debug|Any CPU
		{40F9BEDC-2124-4CCF-9CF8-74C43170A4C5}.Debug|ARM.Build.0 = Debug|Any CPU
		{40F9BEDC-2124-4CCF-9CF8-74C43170A4C5}.Debug|ARM64.ActiveCfg = Debug|Any CPU
		{40F9BEDC-2124-4CCF-9CF8-74C43170A4C5}.Debug|ARM64.Build.0 = Debug|Any CPU
		{40F9BEDC-2124-4CCF-9CF8-74C43170A4C5}.Debug|x64.ActiveCfg = Debug|Any CPU
		{40F9BEDC-2124-4CCF-9CF8-74C43170A4C5}.Debug|x64.Build.0 = Debug|Any CPU
		{40F9BEDC-2124-4CCF-9CF8-74C43170A4C5}.Debug|x86.ActiveCfg = Debug|Any CPU
		{40F9BEDC-2124-4CCF-9CF8-74C43170A4C5}.Debug|x86.Build.0 = Debug|Any CPU
		{40F9BEDC-2124-4CCF-9CF8-74C43170A4C5}.Release|Any CPU.ActiveCfg = Release|Any CPU
		{40F9BEDC-2124-4CCF-9CF8-74C43170A4C5}.Release|Any CPU.Build.0 = Release|Any CPU
		{40F9BEDC-2124-4CCF-9CF8-74C43170A4C5}.Release|ARM.ActiveCfg = Release|Any CPU
		{40F9BEDC-2124-4CCF-9CF8-74C43170A4C5}.Release|ARM.Build.0 = Release|Any CPU
		{40F9BEDC-2124-4CCF-9CF8-74C43170A4C5}.Release|ARM64.ActiveCfg = Release|Any CPU
		{40F9BEDC-2124-4CCF-9CF8-74C43170A4C5}.Release|ARM64.Build.0 = Release|Any CPU
		{40F9BEDC-2124-4CCF-9CF8-74C43170A4C5}.Release|x64.ActiveCfg = Release|Any CPU
		{40F9BEDC-2124-4CCF-9CF8-74C43170A4C5}.Release|x64.Build.0 = Release|Any CPU
		{40F9BEDC-2124-4CCF-9CF8-74C43170A4C5}.Release|x86.ActiveCfg = Release|Any CPU
		{40F9BEDC-2124-4CCF-9CF8-74C43170A4C5}.Release|x86.Build.0 = Release|Any CPU
		{D26697B2-1739-4327-9B34-1501FE0E619F}.Debug|Any CPU.ActiveCfg = Debug|Any CPU
		{D26697B2-1739-4327-9B34-1501FE0E619F}.Debug|Any CPU.Build.0 = Debug|Any CPU
		{D26697B2-1739-4327-9B34-1501FE0E619F}.Debug|ARM.ActiveCfg = Debug|Any CPU
		{D26697B2-1739-4327-9B34-1501FE0E619F}.Debug|ARM.Build.0 = Debug|Any CPU
		{D26697B2-1739-4327-9B34-1501FE0E619F}.Debug|ARM64.ActiveCfg = Debug|Any CPU
		{D26697B2-1739-4327-9B34-1501FE0E619F}.Debug|ARM64.Build.0 = Debug|Any CPU
		{D26697B2-1739-4327-9B34-1501FE0E619F}.Debug|x64.ActiveCfg = Debug|Any CPU
		{D26697B2-1739-4327-9B34-1501FE0E619F}.Debug|x64.Build.0 = Debug|Any CPU
		{D26697B2-1739-4327-9B34-1501FE0E619F}.Debug|x86.ActiveCfg = Debug|Any CPU
		{D26697B2-1739-4327-9B34-1501FE0E619F}.Debug|x86.Build.0 = Debug|Any CPU
		{D26697B2-1739-4327-9B34-1501FE0E619F}.Release|Any CPU.ActiveCfg = Release|Any CPU
		{D26697B2-1739-4327-9B34-1501FE0E619F}.Release|Any CPU.Build.0 = Release|Any CPU
		{D26697B2-1739-4327-9B34-1501FE0E619F}.Release|ARM.ActiveCfg = Release|Any CPU
		{D26697B2-1739-4327-9B34-1501FE0E619F}.Release|ARM.Build.0 = Release|Any CPU
		{D26697B2-1739-4327-9B34-1501FE0E619F}.Release|ARM64.ActiveCfg = Release|Any CPU
		{D26697B2-1739-4327-9B34-1501FE0E619F}.Release|ARM64.Build.0 = Release|Any CPU
		{D26697B2-1739-4327-9B34-1501FE0E619F}.Release|x64.ActiveCfg = Release|Any CPU
		{D26697B2-1739-4327-9B34-1501FE0E619F}.Release|x64.Build.0 = Release|Any CPU
		{D26697B2-1739-4327-9B34-1501FE0E619F}.Release|x86.ActiveCfg = Release|Any CPU
		{D26697B2-1739-4327-9B34-1501FE0E619F}.Release|x86.Build.0 = Release|Any CPU
		{1AA6EB9E-5E8F-4252-A05B-A91662DA29E0}.Debug|Any CPU.ActiveCfg = Debug|x64
		{1AA6EB9E-5E8F-4252-A05B-A91662DA29E0}.Debug|Any CPU.Build.0 = Debug|x64
		{1AA6EB9E-5E8F-4252-A05B-A91662DA29E0}.Debug|ARM.ActiveCfg = Debug|x64
		{1AA6EB9E-5E8F-4252-A05B-A91662DA29E0}.Debug|ARM.Build.0 = Debug|x64
		{1AA6EB9E-5E8F-4252-A05B-A91662DA29E0}.Debug|ARM64.ActiveCfg = Debug|x64
		{1AA6EB9E-5E8F-4252-A05B-A91662DA29E0}.Debug|ARM64.Build.0 = Debug|x64
		{1AA6EB9E-5E8F-4252-A05B-A91662DA29E0}.Debug|x64.ActiveCfg = Debug|x64
		{1AA6EB9E-5E8F-4252-A05B-A91662DA29E0}.Debug|x64.Build.0 = Debug|x64
		{1AA6EB9E-5E8F-4252-A05B-A91662DA29E0}.Debug|x86.ActiveCfg = Debug|Win32
		{1AA6EB9E-5E8F-4252-A05B-A91662DA29E0}.Debug|x86.Build.0 = Debug|Win32
		{1AA6EB9E-5E8F-4252-A05B-A91662DA29E0}.Release|Any CPU.ActiveCfg = Release|x64
		{1AA6EB9E-5E8F-4252-A05B-A91662DA29E0}.Release|Any CPU.Build.0 = Release|x64
		{1AA6EB9E-5E8F-4252-A05B-A91662DA29E0}.Release|ARM.ActiveCfg = Release|x64
		{1AA6EB9E-5E8F-4252-A05B-A91662DA29E0}.Release|ARM.Build.0 = Release|x64
		{1AA6EB9E-5E8F-4252-A05B-A91662DA29E0}.Release|ARM64.ActiveCfg = Release|x64
		{1AA6EB9E-5E8F-4252-A05B-A91662DA29E0}.Release|ARM64.Build.0 = Release|x64
		{1AA6EB9E-5E8F-4252-A05B-A91662DA29E0}.Release|x64.ActiveCfg = Release|x64
		{1AA6EB9E-5E8F-4252-A05B-A91662DA29E0}.Release|x64.Build.0 = Release|x64
		{1AA6EB9E-5E8F-4252-A05B-A91662DA29E0}.Release|x86.ActiveCfg = Release|Win32
		{1AA6EB9E-5E8F-4252-A05B-A91662DA29E0}.Release|x86.Build.0 = Release|Win32
		{E3D04048-EC79-4DDE-8945-A1A94002772E}.Debug|Any CPU.ActiveCfg = Debug|x64
		{E3D04048-EC79-4DDE-8945-A1A94002772E}.Debug|Any CPU.Build.0 = Debug|x64
		{E3D04048-EC79-4DDE-8945-A1A94002772E}.Debug|Any CPU.Deploy.0 = Debug|x64
		{E3D04048-EC79-4DDE-8945-A1A94002772E}.Debug|ARM.ActiveCfg = Debug|ARM
		{E3D04048-EC79-4DDE-8945-A1A94002772E}.Debug|ARM.Build.0 = Debug|ARM
		{E3D04048-EC79-4DDE-8945-A1A94002772E}.Debug|ARM.Deploy.0 = Debug|ARM
		{E3D04048-EC79-4DDE-8945-A1A94002772E}.Debug|ARM64.ActiveCfg = Debug|ARM64
		{E3D04048-EC79-4DDE-8945-A1A94002772E}.Debug|ARM64.Build.0 = Debug|ARM64
		{E3D04048-EC79-4DDE-8945-A1A94002772E}.Debug|ARM64.Deploy.0 = Debug|ARM64
		{E3D04048-EC79-4DDE-8945-A1A94002772E}.Debug|x64.ActiveCfg = Debug|x64
		{E3D04048-EC79-4DDE-8945-A1A94002772E}.Debug|x64.Build.0 = Debug|x64
		{E3D04048-EC79-4DDE-8945-A1A94002772E}.Debug|x64.Deploy.0 = Debug|x64
		{E3D04048-EC79-4DDE-8945-A1A94002772E}.Debug|x86.ActiveCfg = Debug|x86
		{E3D04048-EC79-4DDE-8945-A1A94002772E}.Debug|x86.Build.0 = Debug|x86
		{E3D04048-EC79-4DDE-8945-A1A94002772E}.Debug|x86.Deploy.0 = Debug|x86
		{E3D04048-EC79-4DDE-8945-A1A94002772E}.Release|Any CPU.ActiveCfg = Release|x64
		{E3D04048-EC79-4DDE-8945-A1A94002772E}.Release|Any CPU.Build.0 = Release|x64
		{E3D04048-EC79-4DDE-8945-A1A94002772E}.Release|Any CPU.Deploy.0 = Release|x64
		{E3D04048-EC79-4DDE-8945-A1A94002772E}.Release|ARM.ActiveCfg = Release|ARM
		{E3D04048-EC79-4DDE-8945-A1A94002772E}.Release|ARM.Build.0 = Release|ARM
		{E3D04048-EC79-4DDE-8945-A1A94002772E}.Release|ARM.Deploy.0 = Release|ARM
		{E3D04048-EC79-4DDE-8945-A1A94002772E}.Release|ARM64.ActiveCfg = Release|ARM64
		{E3D04048-EC79-4DDE-8945-A1A94002772E}.Release|ARM64.Build.0 = Release|ARM64
		{E3D04048-EC79-4DDE-8945-A1A94002772E}.Release|ARM64.Deploy.0 = Release|ARM64
		{E3D04048-EC79-4DDE-8945-A1A94002772E}.Release|x64.ActiveCfg = Release|x64
		{E3D04048-EC79-4DDE-8945-A1A94002772E}.Release|x64.Build.0 = Release|x64
		{E3D04048-EC79-4DDE-8945-A1A94002772E}.Release|x64.Deploy.0 = Release|x64
		{E3D04048-EC79-4DDE-8945-A1A94002772E}.Release|x86.ActiveCfg = Release|x86
		{E3D04048-EC79-4DDE-8945-A1A94002772E}.Release|x86.Build.0 = Release|x86
		{E3D04048-EC79-4DDE-8945-A1A94002772E}.Release|x86.Deploy.0 = Release|x86
	EndGlobalSection
	GlobalSection(SolutionProperties) = preSolution
		HideSolutionNode = FALSE
	EndGlobalSection
	GlobalSection(ExtensibilityGlobals) = postSolution
		SolutionGuid = {79EEFE6E-0698-409E-8096-578EB7629703}
	EndGlobalSection
EndGlobal
